// !$*UTF8*$!
{
	archiveVersion = 1;
	classes = {
	};
	objectVersion = 46;
	objects = {

/* Begin PBXBuildFile section */
		AC5DEB5F1F17090A0068B545 /* AppDelegate.swift in Sources */ = {isa = PBXBuildFile; fileRef = AC5DEB5E1F17090A0068B545 /* AppDelegate.swift */; };
		AC5DEB611F17090A0068B545 /* ViewController.swift in Sources */ = {isa = PBXBuildFile; fileRef = AC5DEB601F17090A0068B545 /* ViewController.swift */; };
		AC5DEB641F17090A0068B545 /* Main.storyboard in Resources */ = {isa = PBXBuildFile; fileRef = AC5DEB621F17090A0068B545 /* Main.storyboard */; };
		AC5DEB661F17090A0068B545 /* Assets.xcassets in Resources */ = {isa = PBXBuildFile; fileRef = AC5DEB651F17090A0068B545 /* Assets.xcassets */; };
		AC5DEB691F17090A0068B545 /* LaunchScreen.storyboard in Resources */ = {isa = PBXBuildFile; fileRef = AC5DEB671F17090A0068B545 /* LaunchScreen.storyboard */; };
/* End PBXBuildFile section */

/* Begin PBXFileReference section */
		AC5DEB5B1F17090A0068B545 /* StackView Test.app */ = {isa = PBXFileReference; explicitFileType = wrapper.application; includeInIndex = 0; path = "StackView Test.app"; sourceTree = BUILT_PRODUCTS_DIR; };
		AC5DEB5E1F17090A0068B545 /* AppDelegate.swift */ = {isa = PBXFileReference; lastKnownFileType = sourcecode.swift; path = AppDelegate.swift; sourceTree = "<group>"; };
		AC5DEB601F17090A0068B545 /* ViewController.swift */ = {isa = PBXFileReference; lastKnownFileType = sourcecode.swift; path = ViewController.swift; sourceTree = "<group>"; };
		AC5DEB631F17090A0068B545 /* Base */ = {isa = PBXFileReference; lastKnownFileType = file.storyboard; name = Base; path = Base.lproj/Main.storyboard; sourceTree = "<group>"; };
		AC5DEB651F17090A0068B545 /* Assets.xcassets */ = {isa = PBXFileReference; lastKnownFileType = folder.assetcatalog; path = Assets.xcassets; sourceTree = "<group>"; };
		AC5DEB681F17090A0068B545 /* Base */ = {isa = PBXFileReference; lastKnownFileType = file.storyboard; name = Base; path = Base.lproj/LaunchScreen.storyboard; sourceTree = "<group>"; };
		AC5DEB6A1F17090A0068B545 /* Info.plist */ = {isa = PBXFileReference; lastKnownFileType = text.plist.xml; path = Info.plist; sourceTree = "<group>"; };
/* End PBXFileReference section */

/* Begin PBXFrameworksBuildPhase section */
		AC5DEB581F17090A0068B545 /* Frameworks */ = {
			isa = PBXFrameworksBuildPhase;
			buildActionMask = 2147483647;
			files = (
			);
			runOnlyForDeploymentPostprocessing = 0;
		};
/* End PBXFrameworksBuildPhase section */

/* Begin PBXGroup section */
		AC5DEB521F17090A0068B545 = {
			isa = PBXGroup;
			children = (
				AC5DEB5D1F17090A0068B545 /* StackView Test */,
				AC5DEB5C1F17090A0068B545 /* Products */,
			);
			sourceTree = "<group>";
		};
		AC5DEB5C1F17090A0068B545 /* Products */ = {
			isa = PBXGroup;
			children = (
				AC5DEB5B1F17090A0068B545 /* StackView Test.app */,
			);
			name = Products;
			sourceTree = "<group>";
		};
		AC5DEB5D1F17090A0068B545 /* StackView Test */ = {
			isa = PBXGroup;
			children = (
				AC5DEB5E1F17090A0068B545 /* AppDelegate.swift */,
				AC5DEB601F17090A0068B545 /* ViewController.swift */,
				AC5DEB621F17090A0068B545 /* Main.storyboard */,
				AC5DEB651F17090A0068B545 /* Assets.xcassets */,
				AC5DEB671F17090A0068B545 /* LaunchScreen.storyboard */,
				AC5DEB6A1F17090A0068B545 /* Info.plist */,
			);
			path = "StackView Test";
			sourceTree = "<group>";
		};
/* End PBXGroup section */

/* Begin PBXNativeTarget section */
		AC5DEB5A1F17090A0068B545 /* StackView Test */ = {
			isa = PBXNativeTarget;
			buildConfigurationList = AC5DEB6D1F17090A0068B545 /* Build configuration list for PBXNativeTarget "StackView Test" */;
			buildPhases = (
				AC5DEB571F17090A0068B545 /* Sources */,
				AC5DEB581F17090A0068B545 /* Frameworks */,
				AC5DEB591F17090A0068B545 /* Resources */,
			);
			buildRules = (
			);
			dependencies = (
			);
			name = "StackView Test";
			productName = "StackView Test";
			productReference = AC5DEB5B1F17090A0068B545 /* StackView Test.app */;
			productType = "com.apple.product-type.application";
		};
/* End PBXNativeTarget section */

/* Begin PBXProject section */
		AC5DEB531F17090A0068B545 /* Project object */ = {
			isa = PBXProject;
			attributes = {
				LastSwiftUpdateCheck = 0830;
				LastUpgradeCheck = 0830;
				ORGANIZATIONNAME = HZC;
				TargetAttributes = {
					AC5DEB5A1F17090A0068B545 = {
						CreatedOnToolsVersion = 8.3.1;
						ProvisioningStyle = Automatic;
					};
				};
			};
			buildConfigurationList = AC5DEB561F17090A0068B545 /* Build configuration list for PBXProject "StackView Test" */;
			compatibilityVersion = "Xcode 3.2";
			developmentRegion = English;
			hasScannedForEncodings = 0;
			knownRegions = (
				en,
				Base,
			);
			mainGroup = AC5DEB521F17090A0068B545;
			productRefGroup = AC5DEB5C1F17090A0068B545 /* Products */;
			projectDirPath = "";
			projectRoot = "";
			targets = (
				AC5DEB5A1F17090A0068B545 /* StackView Test */,
			);
		};
/* End PBXProject section */

/* Begin PBXResourcesBuildPhase section */
		AC5DEB591F17090A0068B545 /* Resources */ = {
			isa = PBXResourcesBuildPhase;
			buildActionMask = 2147483647;
			files = (
				AC5DEB691F17090A0068B545 /* LaunchScreen.storyboard in Resources */,
				AC5DEB661F17090A0068B545 /* Assets.xcassets in Resources */,
				AC5DEB641F17090A0068B545 /* Main.storyboard in Resources */,
			);
			runOnlyForDeploymentPostprocessing = 0;
		};
/* End PBXResourcesBuildPhase section */

/* Begin PBXSourcesBuildPhase section */
		AC5DEB571F17090A0068B545 /* Sources */ = {
			isa = PBXSourcesBuildPhase;
			buildActionMask = 2147483647;
			files = (
				AC5DEB611F17090A0068B545 /* ViewController.swift in Sources */,
				AC5DEB5F1F17090A0068B545 /* AppDelegate.swift in Sources */,
			);
			runOnlyForDeploymentPostprocessing = 0;
		};
/* End PBXSourcesBuildPhase section */

/* Begin PBXVariantGroup section */
		AC5DEB621F17090A0068B545 /* Main.storyboard */ = {
			isa = PBXVariantGroup;
			children = (
				AC5DEB631F17090A0068B545 /* Base */,
			);
			name = Main.storyboard;
			sourceTree = "<group>";
		};
		AC5DEB671F17090A0068B545 /* LaunchScreen.storyboard */ = {
			isa = PBXVariantGroup;
			children = (
				AC5DEB681F17090A0068B545 /* Base */,
			);
			name = LaunchScreen.storyboard;
			sourceTree = "<group>";
		};
/* End PBXVariantGroup section */

/* Begin XCBuildConfiguration section */
		AC5DEB6B1F17090A0068B545 /* Debug */ = {
			isa = XCBuildConfiguration;
			buildSettings = {
				ALWAYS_SEARCH_USER_PATHS = NO;
				CLANG_ANALYZER_NONNULL = YES;
				CLANG_ANALYZER_NUMBER_OBJECT_CONVERSION = YES_AGGRESSIVE;
				CLANG_CXX_LANGUAGE_STANDARD = "gnu++0x";
				CLANG_CXX_LIBRARY = "libc++";
				CLANG_ENABLE_MODULES = YES;
				CLANG_ENABLE_OBJC_ARC = YES;
				CLANG_WARN_BOOL_CONVERSION = YES;
				CLANG_WARN_CONSTANT_CONVERSION = YES;
				CLANG_WARN_DIRECT_OBJC_ISA_USAGE = YES_ERROR;
				CLANG_WARN_DOCUMENTATION_COMMENTS = YES;
				CLANG_WARN_EMPTY_BODY = YES;
				CLANG_WARN_ENUM_CONVERSION = YES;
				CLANG_WARN_INFINITE_RECURSION = YES;
				CLANG_WARN_INT_CONVERSION = YES;
				CLANG_WARN_OBJC_ROOT_CLASS = YES_ERROR;
				CLANG_WARN_SUSPICIOUS_MOVE = YES;
				CLANG_WARN_UNREACHABLE_CODE = YES;
				CLANG_WARN__DUPLICATE_METHOD_MATCH = YES;
				"CODE_SIGN_IDENTITY[sdk=iphoneos*]" = "iPhone Developer";
				COPY_PHASE_STRIP = NO;
				DEBUG_INFORMATION_FORMAT = dwarf;
				ENABLE_STRICT_OBJC_MSGSEND = YES;
				ENABLE_TESTABILITY = YES;
				GCC_C_LANGUAGE_STANDARD = gnu99;
				GCC_DYNAMIC_NO_PIC = NO;
				GCC_NO_COMMON_BLOCKS = YES;
				GCC_OPTIMIZATION_LEVEL = 0;
				GCC_PREPROCESSOR_DEFINITIONS = (
					"DEBUG=1",
					"$(inherited)",
				);
				GCC_WARN_64_TO_32_BIT_CONVERSION = YES;
				GCC_WARN_ABOUT_RETURN_TYPE = YES_ERROR;
				GCC_WARN_UNDECLARED_SELECTOR = YES;
				GCC_WARN_UNINITIALIZED_AUTOS = YES_AGGRESSIVE;
				GCC_WARN_UNUSED_FUNCTION = YES;
				GCC_WARN_UNUSED_VARIABLE = YES;
				IPHONEOS_DEPLOYMENT_TARGET = 10.3;
				MTL_ENABLE_DEBUG_INFO = YES;
				ONLY_ACTIVE_ARCH = YES;
				SDKROOT = iphoneos;
				SWIFT_ACTIVE_COMPILATION_CONDITIONS = DEBUG;
				SWIFT_OPTIMIZATION_LEVEL = "-Onone";
			};
			name = Debug;
		};
		AC5DEB6C1F17090A0068B545 /* Release */ = {
			isa = XCBuildConfiguration;
			buildSettings = {
				ALWAYS_SEARCH_USER_PATHS = NO;
				CLANG_ANALYZER_NONNULL = YES;
				CLANG_ANALYZER_NUMBER_OBJECT_CONVERSION = YES_AGGRESSIVE;
				CLANG_CXX_LANGUAGE_STANDARD = "gnu++0x";
				CLANG_CXX_LIBRARY = "libc++";
				CLANG_ENABLE_MODULES = YES;
				CLANG_ENABLE_OBJC_ARC = YES;
				CLANG_WARN_BOOL_CONVERSION = YES;
				CLANG_WARN_CONSTANT_CONVERSION = YES;
				CLANG_WARN_DIRECT_OBJC_ISA_USAGE = YES_ERROR;
				CLANG_WARN_DOCUMENTATION_COMMENTS = YES;
				CLANG_WARN_EMPTY_BODY = YES;
				CLANG_WARN_ENUM_CONVERSION = YES;
				CLANG_WARN_INFINITE_RECURSION = YES;
				CLANG_WARN_INT_CONVERSION = YES;
				CLANG_WARN_OBJC_ROOT_CLASS = YES_ERROR;
				CLANG_WARN_SUSPICIOUS_MOVE = YES;
				CLANG_WARN_UNREACHABLE_CODE = YES;
				CLANG_WARN__DUPLICATE_METHOD_MATCH = YES;
				"CODE_SIGN_IDENTITY[sdk=iphoneos*]" = "iPhone Developer";
				COPY_PHASE_STRIP = NO;
				DEBUG_INFORMATION_FORMAT = "dwarf-with-dsym";
				ENABLE_NS_ASSERTIONS = NO;
				ENABLE_STRICT_OBJC_MSGSEND = YES;
				GCC_C_LANGUAGE_STANDARD = gnu99;
				GCC_NO_COMMON_BLOCKS = YES;
				GCC_WARN_64_TO_32_BIT_CONVERSION = YES;
				GCC_WARN_ABOUT_RETURN_TYPE = YES_ERROR;
				GCC_WARN_UNDECLARED_SELECTOR = YES;
				GCC_WARN_UNINITIALIZED_AUTOS = YES_AGGRESSIVE;
				GCC_WARN_UNUSED_FUNCTION = YES;
				GCC_WARN_UNUSED_VARIABLE = YES;
				IPHONEOS_DEPLOYMENT_TARGET = 10.3;
				MTL_ENABLE_DEBUG_INFO = NO;
				SDKROOT = iphoneos;
				SWIFT_OPTIMIZATION_LEVEL = "-Owholemodule";
				VALIDATE_PRODUCT = YES;
			};
			name = Release;
		};
		AC5DEB6E1F17090A0068B545 /* Debug */ = {
			isa = XCBuildConfiguration;
			buildSettings = {
				ASSETCATALOG_COMPILER_APPICON_NAME = AppIcon;
				INFOPLIST_FILE = "StackView Test/Info.plist";
				LD_RUNPATH_SEARCH_PATHS = "$(inherited) @executable_path/Frameworks";
				PRODUCT_BUNDLE_IDENTIFIER = "liminwang.StackView-Test";
				PRODUCT_NAME = "$(TARGET_NAME)";
				SWIFT_VERSION = 3.0;
			};
			name = Debug;
		};
		AC5DEB6F1F17090A0068B545 /* Release */ = {
			isa = XCBuildConfiguration;
			buildSettings = {
				ASSETCATALOG_COMPILER_APPICON_NAME = AppIcon;
				INFOPLIST_FILE = "StackView Test/Info.plist";
				LD_RUNPATH_SEARCH_PATHS = "$(inherited) @executable_path/Frameworks";
				PRODUCT_BUNDLE_IDENTIFIER = "liminwang.StackView-Test";
				PRODUCT_NAME = "$(TARGET_NAME)";
				SWIFT_VERSION = 3.0;
			};
			name = Release;
		};
/* End XCBuildConfiguration section */

/* Begin XCConfigurationList section */
		AC5DEB561F17090A0068B545 /* Build configuration list for PBXProject "StackView Test" */ = {
			isa = XCConfigurationList;
			buildConfigurations = (
				AC5DEB6B1F17090A0068B545 /* Debug */,
				AC5DEB6C1F17090A0068B545 /* Release */,
			);
			defaultConfigurationIsVisible = 0;
			defaultConfigurationName = Release;
		};
		AC5DEB6D1F17090A0068B545 /* Build configuration list for PBXNativeTarget "StackView Test" */ = {
			isa = XCConfigurationList;
			buildConfigurations = (
				AC5DEB6E1F17090A0068B545 /* Debug */,
				AC5DEB6F1F17090A0068B545 /* Release */,
			);
			defaultConfigurationIsVisible = 0;
		};
/* End XCConfigurationList section */
	};
	rootObject = AC5DEB531F17090A0068B545 /* Project object */;
}
